
Microsoft Visual Studio Solution File, Format Version 12.00
# Visual Studio 14
VisualStudioVersion = 14.0.23107.0
MinimumVisualStudioVersion = 10.0.40219.1
Project("{FAE04EC0-301F-11D3-BF4B-00C04F79EFBC}") = "ReSharper.ContractExtensions", "ContractExtensions\ReSharper.ContractExtensions.csproj", "{015F0C46-EB80-40FA-A508-CAD66B02B7E6}"
EndProject
Project("{2150E333-8FDC-42A3-9474-1A3956D46DE8}") = "Docs", "Docs", "{A30DAFF8-9B8B-447A-801F-15337A16833D}"
	ProjectSection(SolutionItems) = preProject
		TODO.txt = TODO.txt
		UsefullNotes.txt = UsefullNotes.txt
	EndProjectSection
EndProject
Project("{FAE04EC0-301F-11D3-BF4B-00C04F79EFBC}") = "ReSharper.ContractExtensions.Tests", "ReSharper.ContractExtensions.Tests\ReSharper.ContractExtensions.Tests.csproj", "{45CDD107-FF9E-4C98-BCC7-0151953B6CAA}"
EndProject
Project("{2150E333-8FDC-42A3-9474-1A3956D46DE8}") = "Older Sdks", "Older Sdks", "{398FF641-95CA-4A7C-BD6D-56B999708554}"
EndProject
Project("{FAE04EC0-301F-11D3-BF4B-00C04F79EFBC}") = "ReSharper.ContractExtensions.R80", "ContractExtensions\ReSharper.ContractExtensions.R80.csproj", "{E4AF008B-F55E-495A-8F54-AFFF5B43E500}"
EndProject
Project("{FAE04EC0-301F-11D3-BF4B-00C04F79EFBC}") = "ReSharper.ContractExtensions.R81", "ContractExtensions\ReSharper.ContractExtensions.R81.csproj", "{B0A3DCD3-5B44-4E3B-9208-42C9AD545D35}"
EndProject
Project("{FAE04EC0-301F-11D3-BF4B-00C04F79EFBC}") = "ReSharper.ContractExtensions.Tests.R80", "ReSharper.ContractExtensions.Tests\ReSharper.ContractExtensions.Tests.R80.csproj", "{9751E034-79DD-4AA8-A308-89E44E8C2C0C}"
EndProject
Project("{FAE04EC0-301F-11D3-BF4B-00C04F79EFBC}") = "ReSharper.ContractExtensions.Tests.R81", "ReSharper.ContractExtensions.Tests\ReSharper.ContractExtensions.Tests.R81.csproj", "{056D871D-0F3D-43C3-9EE3-FAD4B18BF3D9}"
EndProject
Project("{F088123C-0E9E-452A-89E6-6BA2F21D5CAC}") = "ContractExtensionsModeling", "ContractExtensionsModeling\ContractExtensionsModeling.modelproj", "{1FD4BE17-1953-4803-A4D3-D01C92F794DD}"
EndProject
Global
	GlobalSection(SolutionConfigurationPlatforms) = preSolution
		Debug|Any CPU = Debug|Any CPU
		Release|Any CPU = Release|Any CPU
	EndGlobalSection
	GlobalSection(ProjectConfigurationPlatforms) = postSolution
		{015F0C46-EB80-40FA-A508-CAD66B02B7E6}.Debug|Any CPU.ActiveCfg = Debug|Any CPU
		{015F0C46-EB80-40FA-A508-CAD66B02B7E6}.Debug|Any CPU.Build.0 = Debug|Any CPU
		{015F0C46-EB80-40FA-A508-CAD66B02B7E6}.Release|Any CPU.ActiveCfg = Release|Any CPU
		{015F0C46-EB80-40FA-A508-CAD66B02B7E6}.Release|Any CPU.Build.0 = Release|Any CPU
		{45CDD107-FF9E-4C98-BCC7-0151953B6CAA}.Debug|Any CPU.ActiveCfg = Debug|Any CPU
		{45CDD107-FF9E-4C98-BCC7-0151953B6CAA}.Release|Any CPU.ActiveCfg = Release|Any CPU
		{45CDD107-FF9E-4C98-BCC7-0151953B6CAA}.Release|Any CPU.Build.0 = Release|Any CPU
		{E4AF008B-F55E-495A-8F54-AFFF5B43E500}.Debug|Any CPU.ActiveCfg = Debug|Any CPU
		{E4AF008B-F55E-495A-8F54-AFFF5B43E500}.Release|Any CPU.ActiveCfg = Release|Any CPU
		{E4AF008B-F55E-495A-8F54-AFFF5B43E500}.Release|Any CPU.Build.0 = Release|Any CPU
		{B0A3DCD3-5B44-4E3B-9208-42C9AD545D35}.Debug|Any CPU.ActiveCfg = Debug|Any CPU
		{B0A3DCD3-5B44-4E3B-9208-42C9AD545D35}.Release|Any CPU.ActiveCfg = Release|Any CPU
		{B0A3DCD3-5B44-4E3B-9208-42C9AD545D35}.Release|Any CPU.Build.0 = Release|Any CPU
		{9751E034-79DD-4AA8-A308-89E44E8C2C0C}.Debug|Any CPU.ActiveCfg = Debug|Any CPU
		{9751E034-79DD-4AA8-A308-89E44E8C2C0C}.Release|Any CPU.ActiveCfg = Release|Any CPU
		{9751E034-79DD-4AA8-A308-89E44E8C2C0C}.Release|Any CPU.Build.0 = Release|Any CPU
		{056D871D-0F3D-43C3-9EE3-FAD4B18BF3D9}.Debug|Any CPU.ActiveCfg = Debug|Any CPU
		{056D871D-0F3D-43C3-9EE3-FAD4B18BF3D9}.Release|Any CPU.ActiveCfg = Release|Any CPU
		{056D871D-0F3D-43C3-9EE3-FAD4B18BF3D9}.Release|Any CPU.Build.0 = Release|Any CPU
		{1FD4BE17-1953-4803-A4D3-D01C92F794DD}.Debug|Any CPU.ActiveCfg = Debug|Any CPU
		{1FD4BE17-1953-4803-A4D3-D01C92F794DD}.Debug|Any CPU.Build.0 = Debug|Any CPU
		{1FD4BE17-1953-4803-A4D3-D01C92F794DD}.Release|Any CPU.ActiveCfg = Release|Any CPU
		{1FD4BE17-1953-4803-A4D3-D01C92F794DD}.Release|Any CPU.Build.0 = Release|Any CPU
	EndGlobalSection
	GlobalSection(SolutionProperties) = preSolution
		HideSolutionNode = FALSE
	EndGlobalSection
	GlobalSection(NestedProjects) = preSolution
		{E4AF008B-F55E-495A-8F54-AFFF5B43E500} = {398FF641-95CA-4A7C-BD6D-56B999708554}
		{B0A3DCD3-5B44-4E3B-9208-42C9AD545D35} = {398FF641-95CA-4A7C-BD6D-56B999708554}
		{9751E034-79DD-4AA8-A308-89E44E8C2C0C} = {398FF641-95CA-4A7C-BD6D-56B999708554}
		{056D871D-0F3D-43C3-9EE3-FAD4B18BF3D9} = {398FF641-95CA-4A7C-BD6D-56B999708554}
	EndGlobalSection
EndGlobal
